
Microsoft Visual Studio Solution File, Format Version 12.00
# Visual Studio Version 17
VisualStudioVersion = 17.10.35122.118
MinimumVisualStudioVersion = 10.0.40219.1
Project("{9A19103F-16F7-4668-BE54-9A1E7A4F7556}") = "MVC_CORE_PROJE", "MVC_CORE_PROJE\MVC_CORE_PROJE.csproj", "{874C52F7-059C-4E64-AE1F-C1EF551CFB15}"
EndProject
Global
	GlobalSection(SolutionConfigurationPlatforms) = preSolution
		Debug|Any CPU = Debug|Any CPU
		Release|Any CPU = Release|Any CPU
	EndGlobalSection
	GlobalSection(ProjectConfigurationPlatforms) = postSolution
		{874C52F7-059C-4E64-AE1F-C1EF551CFB15}.Debug|Any CPU.ActiveCfg = Debug|Any CPU
		{874C52F7-059C-4E64-AE1F-C1EF551CFB15}.Debug|Any CPU.Build.0 = Debug|Any CPU
		{874C52F7-059C-4E64-AE1F-C1EF551CFB15}.Release|Any CPU.ActiveCfg = Release|Any CPU
		{874C52F7-059C-4E64-AE1F-C1EF551CFB15}.Release|Any CPU.Build.0 = Release|Any CPU
	EndGlobalSection
	GlobalSection(SolutionProperties) = preSolution
		HideSolutionNode = FALSE
	EndGlobalSection
	GlobalSection(ExtensibilityGlobals) = postSolution
		SolutionGuid = {36DD5A0A-E600-43BB-9EBF-8A84369D1E2E}
	EndGlobalSection
EndGlobal
